PODS:
  - Charts (4.1.0):
    - Charts/Core (= 4.1.0)
  - Charts/Core (4.1.0):
    - SwiftAlgorithms (~> 1.0)
  - ObjCAA (2.4.0)
  - SwiftAA (2.4.0):
    - ObjCAA (~> 2.4.0)
  - SwiftAlgorithms (1.0.0)
  - TimeZoneLocate (0.5.0)
  - TinyConstraints (4.0.2)

DEPENDENCIES:
  - Charts
  - SwiftAA
  - TimeZoneLocate
  - TinyConstraints

SPEC REPOS:
  trunk:
    - Charts
    - ObjCAA
    - SwiftAA
    - SwiftAlgorithms
    - TimeZoneLocate
    - TinyConstraints

SPEC CHECKSUMS:
  Charts: ce0768268078eee0336f122c3c4ca248e4e204c5
  ObjCAA: d7e9ff513ccaa6511a79152adfbe169f6abb02e3
  SwiftAA: 726a9f6cf6bfda3e59ae88a8c3b9f0e122948973
  SwiftAlgorithms: 38dda4731d19027fdeee1125f973111bf3386b53
  TimeZoneLocate: 8536d7435a408ac14b6e0190ffcca2c2bb91aff8
  TinyConstraints: 7b7ccc0c485bb3bb47082138ff28bc33cd49897f

PODFILE CHECKSUM: 00f9dde9b76f79f660d1979fc08ebbc1c390d33b

COCOAPODS: 1.12.0
